
Microsoft Visual Studio Solution File, Format Version 12.00
# Visual Studio Version 16
VisualStudioVersion = 16.0.31313.79
MinimumVisualStudioVersion = 10.0.40219.1
Project("{FAE04EC0-301F-11D3-BF4B-00C04F79EFBC}") = "Task1a", "Task1a.csproj", "{38FC6254-7F3A-4722-9349-F03226435BA1}"
EndProject
Global
	GlobalSection(SolutionConfigurationPlatforms) = preSolution
		Debug|Any CPU = Debug|Any CPU
		Release|Any CPU = Release|Any CPU
	EndGlobalSection
	GlobalSection(ProjectConfigurationPlatforms) = postSolution
		{38FC6254-7F3A-4722-9349-F03226435BA1}.Debug|Any CPU.ActiveCfg = Debug|Any CPU
		{38FC6254-7F3A-4722-9349-F03226435BA1}.Debug|Any CPU.Build.0 = Debug|Any CPU
		{38FC6254-7F3A-4722-9349-F03226435BA1}.Release|Any CPU.ActiveCfg = Release|Any CPU
		{38FC6254-7F3A-4722-9349-F03226435BA1}.Release|Any CPU.Build.0 = Release|Any CPU
	EndGlobalSection
	GlobalSection(SolutionProperties) = preSolution
		HideSolutionNode = FALSE
	EndGlobalSection
	GlobalSection(ExtensibilityGlobals) = postSolution
		SolutionGuid = {1D766D85-03E5-4706-854E-F73CE182570A}
	EndGlobalSection
EndGlobal
