
Microsoft Visual Studio Solution File, Format Version 12.00
# Visual Studio Version 16
VisualStudioVersion = 16.0.31313.79
MinimumVisualStudioVersion = 10.0.40219.1
Project("{9A19103F-16F7-4668-BE54-9A1E7A4F7556}") = "AdvancedCSharp.Lib", "AdvancedCSharp.Lib\AdvancedCSharp.Lib.csproj", "{2C5CE24D-499E-4AF6-95CC-2B9B4037420F}"
EndProject
Project("{9A19103F-16F7-4668-BE54-9A1E7A4F7556}") = "AdvancedCSharp.CLI", "AdvancedCSharp.CLI\AdvancedCSharp.CLI.csproj", "{E684ABC7-A226-47EF-B26D-8BEDBC7F91BD}"
	ProjectSection(ProjectDependencies) = postProject
		{2C5CE24D-499E-4AF6-95CC-2B9B4037420F} = {2C5CE24D-499E-4AF6-95CC-2B9B4037420F}
	EndProjectSection
EndProject
Project("{FAE04EC0-301F-11D3-BF4B-00C04F79EFBC}") = "AdvancedCSharp.Lib.Tests", "AdvancedCSharp.Lib.Tests\AdvancedCSharp.Lib.Tests.csproj", "{AC1EF091-AB44-44BD-8B00-97433B0F6972}"
	ProjectSection(ProjectDependencies) = postProject
		{2C5CE24D-499E-4AF6-95CC-2B9B4037420F} = {2C5CE24D-499E-4AF6-95CC-2B9B4037420F}
	EndProjectSection
EndProject
Global
	GlobalSection(SolutionConfigurationPlatforms) = preSolution
		Debug|Any CPU = Debug|Any CPU
		Release|Any CPU = Release|Any CPU
	EndGlobalSection
	GlobalSection(ProjectConfigurationPlatforms) = postSolution
		{2C5CE24D-499E-4AF6-95CC-2B9B4037420F}.Debug|Any CPU.ActiveCfg = Debug|Any CPU
		{2C5CE24D-499E-4AF6-95CC-2B9B4037420F}.Debug|Any CPU.Build.0 = Debug|Any CPU
		{2C5CE24D-499E-4AF6-95CC-2B9B4037420F}.Release|Any CPU.ActiveCfg = Release|Any CPU
		{2C5CE24D-499E-4AF6-95CC-2B9B4037420F}.Release|Any CPU.Build.0 = Release|Any CPU
		{E684ABC7-A226-47EF-B26D-8BEDBC7F91BD}.Debug|Any CPU.ActiveCfg = Debug|Any CPU
		{E684ABC7-A226-47EF-B26D-8BEDBC7F91BD}.Debug|Any CPU.Build.0 = Debug|Any CPU
		{E684ABC7-A226-47EF-B26D-8BEDBC7F91BD}.Release|Any CPU.ActiveCfg = Release|Any CPU
		{E684ABC7-A226-47EF-B26D-8BEDBC7F91BD}.Release|Any CPU.Build.0 = Release|Any CPU
		{AC1EF091-AB44-44BD-8B00-97433B0F6972}.Debug|Any CPU.ActiveCfg = Debug|Any CPU
		{AC1EF091-AB44-44BD-8B00-97433B0F6972}.Debug|Any CPU.Build.0 = Debug|Any CPU
		{AC1EF091-AB44-44BD-8B00-97433B0F6972}.Release|Any CPU.ActiveCfg = Release|Any CPU
		{AC1EF091-AB44-44BD-8B00-97433B0F6972}.Release|Any CPU.Build.0 = Release|Any CPU
	EndGlobalSection
	GlobalSection(SolutionProperties) = preSolution
		HideSolutionNode = FALSE
	EndGlobalSection
	GlobalSection(ExtensibilityGlobals) = postSolution
		SolutionGuid = {A2D86311-6EA6-4146-836A-0F36AF9D4CCE}
	EndGlobalSection
EndGlobal
